Microsoft Visual Studio Solution File, Format Version 12.00
# Visual Studio Version 17
VisualStudioVersion = 17.0.31903.59
MinimumVisualStudioVersion = 10.0.40219.1
Project("{FAE04EC0-301F-11D3-BF4B-00C04F79EFBC}") = "task01", "task01\task01.csproj", "{F13661F1-7A7D-4B69-AC1E-A629CFD9DAB0}"
EndProject
Project("{FAE04EC0-301F-11D3-BF4B-00C04F79EFBC}") = "task01tests", "task01tests\task01tests.csproj", "{8EB33A63-4239-4758-A451-990F17BB66C6}"
EndProject
Project("{FAE04EC0-301F-11D3-BF4B-00C04F79EFBC}") = "task02", "task02\task02.csproj", "{F4FB0721-7035-43CB-8536-F303009E45B5}"
EndProject
Project("{FAE04EC0-301F-11D3-BF4B-00C04F79EFBC}") = "task02tests", "task02tests\task02tests.csproj", "{FC4A94ED-D80A-4687-BC22-F429618514FA}"
EndProject
Project("{FAE04EC0-301F-11D3-BF4B-00C04F79EFBC}") = "task03", "task03\task03.csproj", "{5A9DD914-EACB-48F7-AA97-FCE690845783}"
EndProject
Project("{FAE04EC0-301F-11D3-BF4B-00C04F79EFBC}") = "task03tests", "task03tests\task03tests.csproj", "{D787F092-506A-46BF-AFCB-F3C2C88F5565}"
EndProject
Project("{FAE04EC0-301F-11D3-BF4B-00C04F79EFBC}") = "task04", "task04\task04.csproj", "{8BBA9E1D-A991-4134-9B7E-A96A432A69AF}"
EndProject
Project("{FAE04EC0-301F-11D3-BF4B-00C04F79EFBC}") = "task04tests", "task04tests\task04tests.csproj", "{F932A088-19C2-4E4B-9357-A76BC4AAA0AA}"
EndProject
Global
	GlobalSection(SolutionConfigurationPlatforms) = preSolution
		Debug|Any CPU = Debug|Any CPU
		Release|Any CPU = Release|Any CPU
	EndGlobalSection
	GlobalSection(SolutionProperties) = preSolution
		HideSolutionNode = FALSE
	EndGlobalSection
	GlobalSection(ProjectConfigurationPlatforms) = postSolution
		{F13661F1-7A7D-4B69-AC1E-A629CFD9DAB0}.Debug|Any CPU.ActiveCfg = Debug|Any CPU
		{F13661F1-7A7D-4B69-AC1E-A629CFD9DAB0}.Debug|Any CPU.Build.0 = Debug|Any CPU
		{F13661F1-7A7D-4B69-AC1E-A629CFD9DAB0}.Release|Any CPU.ActiveCfg = Release|Any CPU
		{F13661F1-7A7D-4B69-AC1E-A629CFD9DAB0}.Release|Any CPU.Build.0 = Release|Any CPU
		{8EB33A63-4239-4758-A451-990F17BB66C6}.Debug|Any CPU.ActiveCfg = Debug|Any CPU
		{8EB33A63-4239-4758-A451-990F17BB66C6}.Debug|Any CPU.Build.0 = Debug|Any CPU
		{8EB33A63-4239-4758-A451-990F17BB66C6}.Release|Any CPU.ActiveCfg = Release|Any CPU
		{8EB33A63-4239-4758-A451-990F17BB66C6}.Release|Any CPU.Build.0 = Release|Any CPU
		{F4FB0721-7035-43CB-8536-F303009E45B5}.Debug|Any CPU.ActiveCfg = Debug|Any CPU
		{F4FB0721-7035-43CB-8536-F303009E45B5}.Debug|Any CPU.Build.0 = Debug|Any CPU
		{F4FB0721-7035-43CB-8536-F303009E45B5}.Release|Any CPU.ActiveCfg = Release|Any CPU
		{F4FB0721-7035-43CB-8536-F303009E45B5}.Release|Any CPU.Build.0 = Release|Any CPU
		{FC4A94ED-D80A-4687-BC22-F429618514FA}.Debug|Any CPU.ActiveCfg = Debug|Any CPU
		{FC4A94ED-D80A-4687-BC22-F429618514FA}.Debug|Any CPU.Build.0 = Debug|Any CPU
		{FC4A94ED-D80A-4687-BC22-F429618514FA}.Release|Any CPU.ActiveCfg = Release|Any CPU
		{FC4A94ED-D80A-4687-BC22-F429618514FA}.Release|Any CPU.Build.0 = Release|Any CPU
		{5A9DD914-EACB-48F7-AA97-FCE690845783}.Debug|Any CPU.ActiveCfg = Debug|Any CPU
		{5A9DD914-EACB-48F7-AA97-FCE690845783}.Debug|Any CPU.Build.0 = Debug|Any CPU
		{5A9DD914-EACB-48F7-AA97-FCE690845783}.Release|Any CPU.ActiveCfg = Release|Any CPU
		{5A9DD914-EACB-48F7-AA97-FCE690845783}.Release|Any CPU.Build.0 = Release|Any CPU
		{D787F092-506A-46BF-AFCB-F3C2C88F5565}.Debug|Any CPU.ActiveCfg = Debug|Any CPU
		{D787F092-506A-46BF-AFCB-F3C2C88F5565}.Debug|Any CPU.Build.0 = Debug|Any CPU
		{D787F092-506A-46BF-AFCB-F3C2C88F5565}.Release|Any CPU.ActiveCfg = Release|Any CPU
		{D787F092-506A-46BF-AFCB-F3C2C88F5565}.Release|Any CPU.Build.0 = Release|Any CPU
		{8BBA9E1D-A991-4134-9B7E-A96A432A69AF}.Debug|Any CPU.ActiveCfg = Debug|Any CPU
		{8BBA9E1D-A991-4134-9B7E-A96A432A69AF}.Debug|Any CPU.Build.0 = Debug|Any CPU
		{8BBA9E1D-A991-4134-9B7E-A96A432A69AF}.Release|Any CPU.ActiveCfg = Release|Any CPU
		{8BBA9E1D-A991-4134-9B7E-A96A432A69AF}.Release|Any CPU.Build.0 = Release|Any CPU
		{F932A088-19C2-4E4B-9357-A76BC4AAA0AA}.Debug|Any CPU.ActiveCfg = Debug|Any CPU
		{F932A088-19C2-4E4B-9357-A76BC4AAA0AA}.Debug|Any CPU.Build.0 = Debug|Any CPU
		{F932A088-19C2-4E4B-9357-A76BC4AAA0AA}.Release|Any CPU.ActiveCfg = Release|Any CPU
		{F932A088-19C2-4E4B-9357-A76BC4AAA0AA}.Release|Any CPU.Build.0 = Release|Any CPU
	EndGlobalSection
EndGlobal
